
Microsoft Visual Studio Solution File, Format Version 12.00
# Visual Studio 2013
VisualStudioVersion = 12.0.40629.0
MinimumVisualStudioVersion = 10.0.40219.1
Project("{8BC9CEB8-8B4A-11D0-8D11-00A0C91BC942}") = "madomani", "madomani\madomani.vcxproj", "{CA7072A5-EC90-4BBD-98E0-AFD8B7D7B71C}"
	ProjectSection(ProjectDependencies) = postProject
		{1836DA44-4B03-4C04-9F18-5F9DF7B7AA68} = {1836DA44-4B03-4C04-9F18-5F9DF7B7AA68}
	EndProjectSection
EndProject
Project("{8BC9CEB8-8B4A-11D0-8D11-00A0C91BC942}") = "madomanic", "madomanic\madomanic.vcxproj", "{1836DA44-4B03-4C04-9F18-5F9DF7B7AA68}"
EndProject
Global
	GlobalSection(SolutionConfigurationPlatforms) = preSolution
		Debug|Win32 = Debug|Win32
		Release|Win32 = Release|Win32
	EndGlobalSection
	GlobalSection(ProjectConfigurationPlatforms) = postSolution
		{CA7072A5-EC90-4BBD-98E0-AFD8B7D7B71C}.Debug|Win32.ActiveCfg = Debug|Win32
		{CA7072A5-EC90-4BBD-98E0-AFD8B7D7B71C}.Debug|Win32.Build.0 = Debug|Win32
		{CA7072A5-EC90-4BBD-98E0-AFD8B7D7B71C}.Release|Win32.ActiveCfg = Release|Win32
		{CA7072A5-EC90-4BBD-98E0-AFD8B7D7B71C}.Release|Win32.Build.0 = Release|Win32
		{1836DA44-4B03-4C04-9F18-5F9DF7B7AA68}.Debug|Win32.ActiveCfg = Debug|Win32
		{1836DA44-4B03-4C04-9F18-5F9DF7B7AA68}.Debug|Win32.Build.0 = Debug|Win32
		{1836DA44-4B03-4C04-9F18-5F9DF7B7AA68}.Release|Win32.ActiveCfg = Release|Win32
		{1836DA44-4B03-4C04-9F18-5F9DF7B7AA68}.Release|Win32.Build.0 = Release|Win32
	EndGlobalSection
	GlobalSection(SolutionProperties) = preSolution
		HideSolutionNode = FALSE
	EndGlobalSection
EndGlobal
